PODS:
  - awesome_notifications (0.8.1):
    - Flutter
    - IosAwnCore (~> 0.8.0)
  - connectivity_plus (0.0.1):
    - Flutter
    - ReachabilitySwift
  - Flutter (1.0.0)
  - geolocator_apple (1.2.0):
    - Flutter
  - home_widget (0.0.1):
    - Flutter
  - IosAwnCore (0.8.0)
  - path_provider_foundation (0.0.1):
    - Flutter
    - FlutterMacOS
  - ReachabilitySwift (5.0.0)

DEPENDENCIES:
  - awesome_notifications (from `.symlinks/plugins/awesome_notifications/ios`)
  - connectivity_plus (from `.symlinks/plugins/connectivity_plus/ios`)
  - Flutter (from `Flutter`)
  - geolocator_apple (from `.symlinks/plugins/geolocator_apple/ios`)
  - home_widget (from `.symlinks/plugins/home_widget/ios`)
  - path_provider_foundation (from `.symlinks/plugins/path_provider_foundation/darwin`)

SPEC REPOS:
  trunk:
    - IosAwnCore
    - ReachabilitySwift

EXTERNAL SOURCES:
  awesome_notifications:
    :path: ".symlinks/plugins/awesome_notifications/ios"
  connectivity_plus:
    :path: ".symlinks/plugins/connectivity_plus/ios"
  Flutter:
    :path: Flutter
  geolocator_apple:
    :path: ".symlinks/plugins/geolocator_apple/ios"
  home_widget:
    :path: ".symlinks/plugins/home_widget/ios"
  path_provider_foundation:
    :path: ".symlinks/plugins/path_provider_foundation/darwin"

SPEC CHECKSUMS:
  awesome_notifications: db394d2e061e4583ba0f738ddea611e3986cc3fb
  connectivity_plus: bf0076dd84a130856aa636df1c71ccaff908fa1d
  Flutter: f04841e97a9d0b0a8025694d0796dd46242b2854
  geolocator_apple: cc556e6844d508c95df1e87e3ea6fa4e58c50401
  home_widget: 0434835a4c9a75704264feff6be17ea40e0f0d57
  IosAwnCore: ed1b2b6d84962a758354dbacd9ce525c72ce28a9
  path_provider_foundation: 29f094ae23ebbca9d3d0cec13889cd9060c0e943
  ReachabilitySwift: 985039c6f7b23a1da463388634119492ff86c825

PODFILE CHECKSUM: 7be2f5f74864d463a8ad433546ed1de7e0f29aef

COCOAPODS: 1.12.0
